
Microsoft Visual Studio Solution File, Format Version 12.00
# Visual Studio Version 17
VisualStudioVersion = 17.6.33829.357
MinimumVisualStudioVersion = 10.0.40219.1
Project("{FAE04EC0-301F-11D3-BF4B-00C04F79EFBC}") = "Administrating cafe", "Administrating cafe\Administrating cafe.csproj", "{FCDB69E9-7790-435D-A5CC-C7D823C90577}"
EndProject
Global
	GlobalSection(SolutionConfigurationPlatforms) = preSolution
		Debug|Any CPU = Debug|Any CPU
		Release|Any CPU = Release|Any CPU
	EndGlobalSection
	GlobalSection(ProjectConfigurationPlatforms) = postSolution
		{FCDB69E9-7790-435D-A5CC-C7D823C90577}.Debug|Any CPU.ActiveCfg = Debug|Any CPU
		{FCDB69E9-7790-435D-A5CC-C7D823C90577}.Debug|Any CPU.Build.0 = Debug|Any CPU
		{FCDB69E9-7790-435D-A5CC-C7D823C90577}.Release|Any CPU.ActiveCfg = Release|Any CPU
		{FCDB69E9-7790-435D-A5CC-C7D823C90577}.Release|Any CPU.Build.0 = Release|Any CPU
	EndGlobalSection
	GlobalSection(SolutionProperties) = preSolution
		HideSolutionNode = FALSE
	EndGlobalSection
	GlobalSection(ExtensibilityGlobals) = postSolution
		SolutionGuid = {D14EBFB1-EF7C-4FA7-B768-9A38A4979F8A}
	EndGlobalSection
EndGlobal
